
Microsoft Visual Studio Solution File, Format Version 12.00
# Visual Studio Version 16
VisualStudioVersion = 16.0.30717.126
MinimumVisualStudioVersion = 10.0.40219.1
Project("{9A19103F-16F7-4668-BE54-9A1E7A4F7556}") = "PresentationLayer", "LibraryProject2\PresentationLayer.csproj", "{5A280722-FD3D-4F8E-8B82-0A5E554BCA26}"
EndProject
Project("{9A19103F-16F7-4668-BE54-9A1E7A4F7556}") = "ServicesLayer", "ServicesLayer\ServicesLayer.csproj", "{34FF01FF-6E3D-43B2-B392-9C986756F62A}"
EndProject
Project("{FAE04EC0-301F-11D3-BF4B-00C04F79EFBC}") = "LinqToSqlLib", "LinqToSqlLib\LinqToSqlLib.csproj", "{3926EDAD-3136-446A-B452-1B3DE837F4D6}"
EndProject
Global
	GlobalSection(SolutionConfigurationPlatforms) = preSolution
		Debug|Any CPU = Debug|Any CPU
		Release|Any CPU = Release|Any CPU
	EndGlobalSection
	GlobalSection(ProjectConfigurationPlatforms) = postSolution
		{5A280722-FD3D-4F8E-8B82-0A5E554BCA26}.Debug|Any CPU.ActiveCfg = Debug|Any CPU
		{5A280722-FD3D-4F8E-8B82-0A5E554BCA26}.Debug|Any CPU.Build.0 = Debug|Any CPU
		{5A280722-FD3D-4F8E-8B82-0A5E554BCA26}.Release|Any CPU.ActiveCfg = Release|Any CPU
		{5A280722-FD3D-4F8E-8B82-0A5E554BCA26}.Release|Any CPU.Build.0 = Release|Any CPU
		{34FF01FF-6E3D-43B2-B392-9C986756F62A}.Debug|Any CPU.ActiveCfg = Debug|Any CPU
		{34FF01FF-6E3D-43B2-B392-9C986756F62A}.Debug|Any CPU.Build.0 = Debug|Any CPU
		{34FF01FF-6E3D-43B2-B392-9C986756F62A}.Release|Any CPU.ActiveCfg = Release|Any CPU
		{34FF01FF-6E3D-43B2-B392-9C986756F62A}.Release|Any CPU.Build.0 = Release|Any CPU
		{3926EDAD-3136-446A-B452-1B3DE837F4D6}.Debug|Any CPU.ActiveCfg = Debug|Any CPU
		{3926EDAD-3136-446A-B452-1B3DE837F4D6}.Debug|Any CPU.Build.0 = Debug|Any CPU
		{3926EDAD-3136-446A-B452-1B3DE837F4D6}.Release|Any CPU.ActiveCfg = Release|Any CPU
		{3926EDAD-3136-446A-B452-1B3DE837F4D6}.Release|Any CPU.Build.0 = Release|Any CPU
	EndGlobalSection
	GlobalSection(SolutionProperties) = preSolution
		HideSolutionNode = FALSE
	EndGlobalSection
	GlobalSection(ExtensibilityGlobals) = postSolution
		SolutionGuid = {720ACB8D-F444-4A36-8713-B5AB4905A681}
	EndGlobalSection
EndGlobal
