
Microsoft Visual Studio Solution File, Format Version 12.00
# Visual Studio Version 16
VisualStudioVersion = 16.0.30717.126
MinimumVisualStudioVersion = 10.0.40219.1
Project("{9A19103F-16F7-4668-BE54-9A1E7A4F7556}") = "ServicesLayer", "ServicesLayer\ServicesLayer.csproj", "{34FF01FF-6E3D-43B2-B392-9C986756F62A}"
EndProject
Project("{FAE04EC0-301F-11D3-BF4B-00C04F79EFBC}") = "DBTests", "TestTest\DBTests.csproj", "{472AD191-9CF0-4299-868E-9BBC2D191116}"
EndProject
Project("{FAE04EC0-301F-11D3-BF4B-00C04F79EFBC}") = "DataLayerSQL", "DataLayerSQL\DataLayerSQL.csproj", "{E5E93A33-210A-43F1-BA40-9B8CC28EAE94}"
EndProject
Project("{FAE04EC0-301F-11D3-BF4B-00C04F79EFBC}") = "ServicesTests", "ServicesTests\ServicesTests.csproj", "{DEBDAF6B-B22A-4AC2-BCE7-4B1D5E8824F5}"
EndProject
Project("{FAE04EC0-301F-11D3-BF4B-00C04F79EFBC}") = "WPFLayer", "WPFLayer\WPFLayer.csproj", "{DE559CA3-3B33-40A3-9548-2C3565BDC560}"
EndProject
Project("{FAE04EC0-301F-11D3-BF4B-00C04F79EFBC}") = "WPFLayerTests", "WPFLayerTests\WPFLayerTests.csproj", "{A4D6AB30-F0BB-4DF5-A8BB-60E4B8C92AB4}"
EndProject
Global
	GlobalSection(SolutionConfigurationPlatforms) = preSolution
		Debug|Any CPU = Debug|Any CPU
		Release|Any CPU = Release|Any CPU
	EndGlobalSection
	GlobalSection(ProjectConfigurationPlatforms) = postSolution
		{34FF01FF-6E3D-43B2-B392-9C986756F62A}.Debug|Any CPU.ActiveCfg = Debug|Any CPU
		{34FF01FF-6E3D-43B2-B392-9C986756F62A}.Debug|Any CPU.Build.0 = Debug|Any CPU
		{34FF01FF-6E3D-43B2-B392-9C986756F62A}.Release|Any CPU.ActiveCfg = Release|Any CPU
		{34FF01FF-6E3D-43B2-B392-9C986756F62A}.Release|Any CPU.Build.0 = Release|Any CPU
		{472AD191-9CF0-4299-868E-9BBC2D191116}.Debug|Any CPU.ActiveCfg = Debug|Any CPU
		{472AD191-9CF0-4299-868E-9BBC2D191116}.Debug|Any CPU.Build.0 = Debug|Any CPU
		{472AD191-9CF0-4299-868E-9BBC2D191116}.Release|Any CPU.ActiveCfg = Release|Any CPU
		{472AD191-9CF0-4299-868E-9BBC2D191116}.Release|Any CPU.Build.0 = Release|Any CPU
		{E5E93A33-210A-43F1-BA40-9B8CC28EAE94}.Debug|Any CPU.ActiveCfg = Debug|Any CPU
		{E5E93A33-210A-43F1-BA40-9B8CC28EAE94}.Debug|Any CPU.Build.0 = Debug|Any CPU
		{E5E93A33-210A-43F1-BA40-9B8CC28EAE94}.Release|Any CPU.ActiveCfg = Release|Any CPU
		{E5E93A33-210A-43F1-BA40-9B8CC28EAE94}.Release|Any CPU.Build.0 = Release|Any CPU
		{DEBDAF6B-B22A-4AC2-BCE7-4B1D5E8824F5}.Debug|Any CPU.ActiveCfg = Debug|Any CPU
		{DEBDAF6B-B22A-4AC2-BCE7-4B1D5E8824F5}.Debug|Any CPU.Build.0 = Debug|Any CPU
		{DEBDAF6B-B22A-4AC2-BCE7-4B1D5E8824F5}.Release|Any CPU.ActiveCfg = Release|Any CPU
		{DEBDAF6B-B22A-4AC2-BCE7-4B1D5E8824F5}.Release|Any CPU.Build.0 = Release|Any CPU
		{DE559CA3-3B33-40A3-9548-2C3565BDC560}.Debug|Any CPU.ActiveCfg = Debug|Any CPU
		{DE559CA3-3B33-40A3-9548-2C3565BDC560}.Debug|Any CPU.Build.0 = Debug|Any CPU
		{DE559CA3-3B33-40A3-9548-2C3565BDC560}.Release|Any CPU.ActiveCfg = Release|Any CPU
		{DE559CA3-3B33-40A3-9548-2C3565BDC560}.Release|Any CPU.Build.0 = Release|Any CPU
		{A4D6AB30-F0BB-4DF5-A8BB-60E4B8C92AB4}.Debug|Any CPU.ActiveCfg = Debug|Any CPU
		{A4D6AB30-F0BB-4DF5-A8BB-60E4B8C92AB4}.Debug|Any CPU.Build.0 = Debug|Any CPU
		{A4D6AB30-F0BB-4DF5-A8BB-60E4B8C92AB4}.Release|Any CPU.ActiveCfg = Release|Any CPU
		{A4D6AB30-F0BB-4DF5-A8BB-60E4B8C92AB4}.Release|Any CPU.Build.0 = Release|Any CPU
	EndGlobalSection
	GlobalSection(SolutionProperties) = preSolution
		HideSolutionNode = FALSE
	EndGlobalSection
	GlobalSection(ExtensibilityGlobals) = postSolution
		SolutionGuid = {720ACB8D-F444-4A36-8713-B5AB4905A681}
	EndGlobalSection
EndGlobal
